// !$*UTF8*$!
{
	archiveVersion = 1;
	classes = {
	};
	objectVersion = 56;
	objects = {

/* Begin PBXBuildFile section */
		9233C3F62B58FA2E003C1865 /* pantreeApp.swift in Sources */ = {isa = PBXBuildFile; fileRef = 9233C3F52B58FA2E003C1865 /* pantreeApp.swift */; };
		9233C3F82B58FA2E003C1865 /* MainView.swift in Sources */ = {isa = PBXBuildFile; fileRef = 9233C3F72B58FA2E003C1865 /* MainView.swift */; };
		9233C3FA2B58FA2F003C1865 /* Assets.xcassets in Resources */ = {isa = PBXBuildFile; fileRef = 9233C3F92B58FA2F003C1865 /* Assets.xcassets */; };
		9233C3FD2B58FA2F003C1865 /* Preview Assets.xcassets in Resources */ = {isa = PBXBuildFile; fileRef = 9233C3FC2B58FA2F003C1865 /* Preview Assets.xcassets */; };
		925CE7052B6AD4150074C8E7 /* LoginViewViewModel.swift in Sources */ = {isa = PBXBuildFile; fileRef = 925CE7042B6AD4150074C8E7 /* LoginViewViewModel.swift */; };
		926665642B61A32000DE4935 /* AddBranchView.swift in Sources */ = {isa = PBXBuildFile; fileRef = 926665632B61A32000DE4935 /* AddBranchView.swift */; };
		926665672B62F81200DE4935 /* FirebaseAnalytics in Frameworks */ = {isa = PBXBuildFile; productRef = 926665662B62F81200DE4935 /* FirebaseAnalytics */; };
		926665692B62F81200DE4935 /* FirebaseAnalyticsOnDeviceConversion in Frameworks */ = {isa = PBXBuildFile; productRef = 926665682B62F81200DE4935 /* FirebaseAnalyticsOnDeviceConversion */; };
		9266656B2B62F81200DE4935 /* FirebaseAnalyticsSwift in Frameworks */ = {isa = PBXBuildFile; productRef = 9266656A2B62F81200DE4935 /* FirebaseAnalyticsSwift */; };
		9266656D2B62F81200DE4935 /* FirebaseAnalyticsWithoutAdIdSupport in Frameworks */ = {isa = PBXBuildFile; productRef = 9266656C2B62F81200DE4935 /* FirebaseAnalyticsWithoutAdIdSupport */; };
		9266656F2B62F81200DE4935 /* FirebaseAppCheck in Frameworks */ = {isa = PBXBuildFile; productRef = 9266656E2B62F81200DE4935 /* FirebaseAppCheck */; };
		926665712B62F81200DE4935 /* FirebaseAppDistribution-Beta in Frameworks */ = {isa = PBXBuildFile; productRef = 926665702B62F81200DE4935 /* FirebaseAppDistribution-Beta */; };
		926665732B62F81200DE4935 /* FirebaseAuth in Frameworks */ = {isa = PBXBuildFile; productRef = 926665722B62F81200DE4935 /* FirebaseAuth */; };
		926665752B62F81200DE4935 /* FirebaseAuthCombine-Community in Frameworks */ = {isa = PBXBuildFile; productRef = 926665742B62F81200DE4935 /* FirebaseAuthCombine-Community */; };
		926665772B62F81200DE4935 /* FirebaseCrashlytics in Frameworks */ = {isa = PBXBuildFile; productRef = 926665762B62F81200DE4935 /* FirebaseCrashlytics */; };
		926665792B62F81200DE4935 /* FirebaseDatabase in Frameworks */ = {isa = PBXBuildFile; productRef = 926665782B62F81200DE4935 /* FirebaseDatabase */; };
		9266657B2B62F81200DE4935 /* FirebaseDatabaseSwift in Frameworks */ = {isa = PBXBuildFile; productRef = 9266657A2B62F81200DE4935 /* FirebaseDatabaseSwift */; };
		9266657D2B62F81200DE4935 /* FirebaseDynamicLinks in Frameworks */ = {isa = PBXBuildFile; productRef = 9266657C2B62F81200DE4935 /* FirebaseDynamicLinks */; };
		9266657F2B62F81200DE4935 /* FirebaseFirestore in Frameworks */ = {isa = PBXBuildFile; productRef = 9266657E2B62F81200DE4935 /* FirebaseFirestore */; };
		926665812B62F81200DE4935 /* FirebaseFirestoreCombine-Community in Frameworks */ = {isa = PBXBuildFile; productRef = 926665802B62F81200DE4935 /* FirebaseFirestoreCombine-Community */; };
		926665832B62F81200DE4935 /* FirebaseFirestoreSwift in Frameworks */ = {isa = PBXBuildFile; productRef = 926665822B62F81200DE4935 /* FirebaseFirestoreSwift */; };
		926665852B62F81200DE4935 /* FirebaseFunctions in Frameworks */ = {isa = PBXBuildFile; productRef = 926665842B62F81200DE4935 /* FirebaseFunctions */; };
		926665872B62F81200DE4935 /* FirebaseFunctionsCombine-Community in Frameworks */ = {isa = PBXBuildFile; productRef = 926665862B62F81200DE4935 /* FirebaseFunctionsCombine-Community */; };
		926665892B62F81200DE4935 /* FirebaseInAppMessaging-Beta in Frameworks */ = {isa = PBXBuildFile; productRef = 926665882B62F81200DE4935 /* FirebaseInAppMessaging-Beta */; };
		9266658B2B62F81200DE4935 /* FirebaseInAppMessagingSwift-Beta in Frameworks */ = {isa = PBXBuildFile; productRef = 9266658A2B62F81200DE4935 /* FirebaseInAppMessagingSwift-Beta */; };
		9266658D2B62F81200DE4935 /* FirebaseInstallations in Frameworks */ = {isa = PBXBuildFile; productRef = 9266658C2B62F81200DE4935 /* FirebaseInstallations */; };
		9266658F2B62F81200DE4935 /* FirebaseMLModelDownloader in Frameworks */ = {isa = PBXBuildFile; productRef = 9266658E2B62F81200DE4935 /* FirebaseMLModelDownloader */; };
		926665912B62F81200DE4935 /* FirebaseMessaging in Frameworks */ = {isa = PBXBuildFile; productRef = 926665902B62F81200DE4935 /* FirebaseMessaging */; };
		926665932B62F81200DE4935 /* FirebasePerformance in Frameworks */ = {isa = PBXBuildFile; productRef = 926665922B62F81200DE4935 /* FirebasePerformance */; };
		926665952B62F81200DE4935 /* FirebaseRemoteConfig in Frameworks */ = {isa = PBXBuildFile; productRef = 926665942B62F81200DE4935 /* FirebaseRemoteConfig */; };
		926665972B62F81200DE4935 /* FirebaseRemoteConfigSwift in Frameworks */ = {isa = PBXBuildFile; productRef = 926665962B62F81200DE4935 /* FirebaseRemoteConfigSwift */; };
		926665992B62F81200DE4935 /* FirebaseStorage in Frameworks */ = {isa = PBXBuildFile; productRef = 926665982B62F81200DE4935 /* FirebaseStorage */; };
		9266659B2B62F81200DE4935 /* FirebaseStorageCombine-Community in Frameworks */ = {isa = PBXBuildFile; productRef = 9266659A2B62F81200DE4935 /* FirebaseStorageCombine-Community */; };
		9266659D2B62F8D900DE4935 /* GoogleService-Info.plist in Resources */ = {isa = PBXBuildFile; fileRef = 9266659C2B62F8D900DE4935 /* GoogleService-Info.plist */; };
		926665A32B682EAF00DE4935 /* ProfileView.swift in Sources */ = {isa = PBXBuildFile; fileRef = 926665A22B682EAF00DE4935 /* ProfileView.swift */; };
		926665A52B682ECD00DE4935 /* LoginView.swift in Sources */ = {isa = PBXBuildFile; fileRef = 926665A42B682ECD00DE4935 /* LoginView.swift */; };
		926665A72B682EDA00DE4935 /* RegisterView.swift in Sources */ = {isa = PBXBuildFile; fileRef = 926665A62B682EDA00DE4935 /* RegisterView.swift */; };
		92CBD92A2B5E26F800EB1D9D /* Branch.swift in Sources */ = {isa = PBXBuildFile; fileRef = 92CBD9292B5E26F800EB1D9D /* Branch.swift */; };
		92CBD92C2B5E2C0900EB1D9D /* Leaf.swift in Sources */ = {isa = PBXBuildFile; fileRef = 92CBD92B2B5E2C0900EB1D9D /* Leaf.swift */; };
		92CBD9302B5E2CEF00EB1D9D /* AddLeafView.swift in Sources */ = {isa = PBXBuildFile; fileRef = 92CBD92F2B5E2CEF00EB1D9D /* AddLeafView.swift */; };
/* End PBXBuildFile section */

/* Begin PBXFileReference section */
		9233C3F22B58FA2E003C1865 /* pantree.app */ = {isa = PBXFileReference; explicitFileType = wrapper.application; includeInIndex = 0; path = pantree.app; sourceTree = BUILT_PRODUCTS_DIR; };
		9233C3F52B58FA2E003C1865 /* pantreeApp.swift */ = {isa = PBXFileReference; lastKnownFileType = sourcecode.swift; path = pantreeApp.swift; sourceTree = "<group>"; };
		9233C3F72B58FA2E003C1865 /* MainView.swift */ = {isa = PBXFileReference; lastKnownFileType = sourcecode.swift; path = MainView.swift; sourceTree = "<group>"; };
		9233C3F92B58FA2F003C1865 /* Assets.xcassets */ = {isa = PBXFileReference; lastKnownFileType = folder.assetcatalog; path = Assets.xcassets; sourceTree = "<group>"; };
		9233C3FC2B58FA2F003C1865 /* Preview Assets.xcassets */ = {isa = PBXFileReference; lastKnownFileType = folder.assetcatalog; path = "Preview Assets.xcassets"; sourceTree = "<group>"; };
		925CE7042B6AD4150074C8E7 /* LoginViewViewModel.swift */ = {isa = PBXFileReference; lastKnownFileType = sourcecode.swift; path = LoginViewViewModel.swift; sourceTree = "<group>"; };
		926665632B61A32000DE4935 /* AddBranchView.swift */ = {isa = PBXFileReference; lastKnownFileType = sourcecode.swift; path = AddBranchView.swift; sourceTree = "<group>"; };
		9266659C2B62F8D900DE4935 /* GoogleService-Info.plist */ = {isa = PBXFileReference; fileEncoding = 4; lastKnownFileType = text.plist.xml; path = "GoogleService-Info.plist"; sourceTree = "<group>"; };
		926665A22B682EAF00DE4935 /* ProfileView.swift */ = {isa = PBXFileReference; lastKnownFileType = sourcecode.swift; path = ProfileView.swift; sourceTree = "<group>"; };
		926665A42B682ECD00DE4935 /* LoginView.swift */ = {isa = PBXFileReference; lastKnownFileType = sourcecode.swift; path = LoginView.swift; sourceTree = "<group>"; };
		926665A62B682EDA00DE4935 /* RegisterView.swift */ = {isa = PBXFileReference; lastKnownFileType = sourcecode.swift; path = RegisterView.swift; sourceTree = "<group>"; };
		92CBD9292B5E26F800EB1D9D /* Branch.swift */ = {isa = PBXFileReference; lastKnownFileType = sourcecode.swift; path = Branch.swift; sourceTree = "<group>"; };
		92CBD92B2B5E2C0900EB1D9D /* Leaf.swift */ = {isa = PBXFileReference; lastKnownFileType = sourcecode.swift; path = Leaf.swift; sourceTree = "<group>"; };
		92CBD92F2B5E2CEF00EB1D9D /* AddLeafView.swift */ = {isa = PBXFileReference; lastKnownFileType = sourcecode.swift; path = AddLeafView.swift; sourceTree = "<group>"; };
/* End PBXFileReference section */

/* Begin PBXFrameworksBuildPhase section */
		9233C3EF2B58FA2E003C1865 /* Frameworks */ = {
			isa = PBXFrameworksBuildPhase;
			buildActionMask = 2147483647;
			files = (
				926665792B62F81200DE4935 /* FirebaseDatabase in Frameworks */,
				926665872B62F81200DE4935 /* FirebaseFunctionsCombine-Community in Frameworks */,
				9266657F2B62F81200DE4935 /* FirebaseFirestore in Frameworks */,
				9266656B2B62F81200DE4935 /* FirebaseAnalyticsSwift in Frameworks */,
				926665672B62F81200DE4935 /* FirebaseAnalytics in Frameworks */,
				926665692B62F81200DE4935 /* FirebaseAnalyticsOnDeviceConversion in Frameworks */,
				9266658F2B62F81200DE4935 /* FirebaseMLModelDownloader in Frameworks */,
				926665832B62F81200DE4935 /* FirebaseFirestoreSwift in Frameworks */,
				9266656F2B62F81200DE4935 /* FirebaseAppCheck in Frameworks */,
				9266656D2B62F81200DE4935 /* FirebaseAnalyticsWithoutAdIdSupport in Frameworks */,
				926665732B62F81200DE4935 /* FirebaseAuth in Frameworks */,
				926665772B62F81200DE4935 /* FirebaseCrashlytics in Frameworks */,
				926665972B62F81200DE4935 /* FirebaseRemoteConfigSwift in Frameworks */,
				926665892B62F81200DE4935 /* FirebaseInAppMessaging-Beta in Frameworks */,
				9266657B2B62F81200DE4935 /* FirebaseDatabaseSwift in Frameworks */,
				926665852B62F81200DE4935 /* FirebaseFunctions in Frameworks */,
				9266659B2B62F81200DE4935 /* FirebaseStorageCombine-Community in Frameworks */,
				926665952B62F81200DE4935 /* FirebaseRemoteConfig in Frameworks */,
				926665712B62F81200DE4935 /* FirebaseAppDistribution-Beta in Frameworks */,
				926665752B62F81200DE4935 /* FirebaseAuthCombine-Community in Frameworks */,
				926665932B62F81200DE4935 /* FirebasePerformance in Frameworks */,
				9266658B2B62F81200DE4935 /* FirebaseInAppMessagingSwift-Beta in Frameworks */,
				926665992B62F81200DE4935 /* FirebaseStorage in Frameworks */,
				9266657D2B62F81200DE4935 /* FirebaseDynamicLinks in Frameworks */,
				926665812B62F81200DE4935 /* FirebaseFirestoreCombine-Community in Frameworks */,
				926665912B62F81200DE4935 /* FirebaseMessaging in Frameworks */,
				9266658D2B62F81200DE4935 /* FirebaseInstallations in Frameworks */,
			);
			runOnlyForDeploymentPostprocessing = 0;
		};
/* End PBXFrameworksBuildPhase section */

/* Begin PBXGroup section */
		9233C3E92B58FA2D003C1865 = {
			isa = PBXGroup;
			children = (
				9233C3F42B58FA2E003C1865 /* pantree */,
				9233C3F32B58FA2E003C1865 /* Products */,
			);
			sourceTree = "<group>";
		};
		9233C3F32B58FA2E003C1865 /* Products */ = {
			isa = PBXGroup;
			children = (
				9233C3F22B58FA2E003C1865 /* pantree.app */,
			);
			name = Products;
			sourceTree = "<group>";
		};
		9233C3F42B58FA2E003C1865 /* pantree */ = {
			isa = PBXGroup;
			children = (
				926665A12B682E7A00DE4935 /* Other */,
				926665A02B682E6000DE4935 /* ViewModels */,
				9266659F2B682E5A00DE4935 /* Models */,
				9266659E2B682E4A00DE4935 /* Views */,
				9233C3FB2B58FA2F003C1865 /* Preview Content */,
			);
			path = pantree;
			sourceTree = "<group>";
		};
		9233C3FB2B58FA2F003C1865 /* Preview Content */ = {
			isa = PBXGroup;
			children = (
				9233C3FC2B58FA2F003C1865 /* Preview Assets.xcassets */,
			);
			path = "Preview Content";
			sourceTree = "<group>";
		};
		9266659E2B682E4A00DE4935 /* Views */ = {
			isa = PBXGroup;
			children = (
				926665632B61A32000DE4935 /* AddBranchView.swift */,
				92CBD92F2B5E2CEF00EB1D9D /* AddLeafView.swift */,
				9233C3F72B58FA2E003C1865 /* MainView.swift */,
				926665A22B682EAF00DE4935 /* ProfileView.swift */,
				926665A42B682ECD00DE4935 /* LoginView.swift */,
				926665A62B682EDA00DE4935 /* RegisterView.swift */,
			);
			path = Views;
			sourceTree = "<group>";
		};
		9266659F2B682E5A00DE4935 /* Models */ = {
			isa = PBXGroup;
			children = (
				92CBD92B2B5E2C0900EB1D9D /* Leaf.swift */,
				92CBD9292B5E26F800EB1D9D /* Branch.swift */,
			);
			path = Models;
			sourceTree = "<group>";
		};
		926665A02B682E6000DE4935 /* ViewModels */ = {
			isa = PBXGroup;
			children = (
				925CE7042B6AD4150074C8E7 /* LoginViewViewModel.swift */,
			);
			path = ViewModels;
			sourceTree = "<group>";
		};
		926665A12B682E7A00DE4935 /* Other */ = {
			isa = PBXGroup;
			children = (
				9233C3F92B58FA2F003C1865 /* Assets.xcassets */,
				9233C3F52B58FA2E003C1865 /* pantreeApp.swift */,
				9266659C2B62F8D900DE4935 /* GoogleService-Info.plist */,
			);
			path = Other;
			sourceTree = "<group>";
		};
/* End PBXGroup section */

/* Begin PBXNativeTarget section */
		9233C3F12B58FA2E003C1865 /* pantree */ = {
			isa = PBXNativeTarget;
			buildConfigurationList = 9233C4002B58FA2F003C1865 /* Build configuration list for PBXNativeTarget "pantree" */;
			buildPhases = (
				9233C3EE2B58FA2E003C1865 /* Sources */,
				9233C3EF2B58FA2E003C1865 /* Frameworks */,
				9233C3F02B58FA2E003C1865 /* Resources */,
			);
			buildRules = (
			);
			dependencies = (
			);
			name = pantree;
			packageProductDependencies = (
				926665662B62F81200DE4935 /* FirebaseAnalytics */,
				926665682B62F81200DE4935 /* FirebaseAnalyticsOnDeviceConversion */,
				9266656A2B62F81200DE4935 /* FirebaseAnalyticsSwift */,
				9266656C2B62F81200DE4935 /* FirebaseAnalyticsWithoutAdIdSupport */,
				9266656E2B62F81200DE4935 /* FirebaseAppCheck */,
				926665702B62F81200DE4935 /* FirebaseAppDistribution-Beta */,
				926665722B62F81200DE4935 /* FirebaseAuth */,
				926665742B62F81200DE4935 /* FirebaseAuthCombine-Community */,
				926665762B62F81200DE4935 /* FirebaseCrashlytics */,
				926665782B62F81200DE4935 /* FirebaseDatabase */,
				9266657A2B62F81200DE4935 /* FirebaseDatabaseSwift */,
				9266657C2B62F81200DE4935 /* FirebaseDynamicLinks */,
				9266657E2B62F81200DE4935 /* FirebaseFirestore */,
				926665802B62F81200DE4935 /* FirebaseFirestoreCombine-Community */,
				926665822B62F81200DE4935 /* FirebaseFirestoreSwift */,
				926665842B62F81200DE4935 /* FirebaseFunctions */,
				926665862B62F81200DE4935 /* FirebaseFunctionsCombine-Community */,
				926665882B62F81200DE4935 /* FirebaseInAppMessaging-Beta */,
				9266658A2B62F81200DE4935 /* FirebaseInAppMessagingSwift-Beta */,
				9266658C2B62F81200DE4935 /* FirebaseInstallations */,
				9266658E2B62F81200DE4935 /* FirebaseMLModelDownloader */,
				926665902B62F81200DE4935 /* FirebaseMessaging */,
				926665922B62F81200DE4935 /* FirebasePerformance */,
				926665942B62F81200DE4935 /* FirebaseRemoteConfig */,
				926665962B62F81200DE4935 /* FirebaseRemoteConfigSwift */,
				926665982B62F81200DE4935 /* FirebaseStorage */,
				9266659A2B62F81200DE4935 /* FirebaseStorageCombine-Community */,
			);
			productName = pantree;
			productReference = 9233C3F22B58FA2E003C1865 /* pantree.app */;
			productType = "com.apple.product-type.application";
		};
/* End PBXNativeTarget section */

/* Begin PBXProject section */
		9233C3EA2B58FA2D003C1865 /* Project object */ = {
			isa = PBXProject;
			attributes = {
				BuildIndependentTargetsInParallel = 1;
				LastSwiftUpdateCheck = 1520;
				LastUpgradeCheck = 1520;
				TargetAttributes = {
					9233C3F12B58FA2E003C1865 = {
						CreatedOnToolsVersion = 15.2;
					};
				};
			};
			buildConfigurationList = 9233C3ED2B58FA2D003C1865 /* Build configuration list for PBXProject "pantree" */;
			compatibilityVersion = "Xcode 14.0";
			developmentRegion = en;
			hasScannedForEncodings = 0;
			knownRegions = (
				en,
				Base,
			);
			mainGroup = 9233C3E92B58FA2D003C1865;
			packageReferences = (
				926665652B62F81200DE4935 /* XCRemoteSwiftPackageReference "firebase-ios-sdk" */,
			);
			productRefGroup = 9233C3F32B58FA2E003C1865 /* Products */;
			projectDirPath = "";
			projectRoot = "";
			targets = (
				9233C3F12B58FA2E003C1865 /* pantree */,
			);
		};
/* End PBXProject section */

/* Begin PBXResourcesBuildPhase section */
		9233C3F02B58FA2E003C1865 /* Resources */ = {
			isa = PBXResourcesBuildPhase;
			buildActionMask = 2147483647;
			files = (
				9233C3FD2B58FA2F003C1865 /* Preview Assets.xcassets in Resources */,
				9233C3FA2B58FA2F003C1865 /* Assets.xcassets in Resources */,
				9266659D2B62F8D900DE4935 /* GoogleService-Info.plist in Resources */,
			);
			runOnlyForDeploymentPostprocessing = 0;
		};
/* End PBXResourcesBuildPhase section */

/* Begin PBXSourcesBuildPhase section */
		9233C3EE2B58FA2E003C1865 /* Sources */ = {
			isa = PBXSourcesBuildPhase;
			buildActionMask = 2147483647;
			files = (
				926665A72B682EDA00DE4935 /* RegisterView.swift in Sources */,
				9233C3F82B58FA2E003C1865 /* MainView.swift in Sources */,
				92CBD92C2B5E2C0900EB1D9D /* Leaf.swift in Sources */,
				92CBD92A2B5E26F800EB1D9D /* Branch.swift in Sources */,
				92CBD9302B5E2CEF00EB1D9D /* AddLeafView.swift in Sources */,
				925CE7052B6AD4150074C8E7 /* LoginViewViewModel.swift in Sources */,
				926665642B61A32000DE4935 /* AddBranchView.swift in Sources */,
				926665A32B682EAF00DE4935 /* ProfileView.swift in Sources */,
				926665A52B682ECD00DE4935 /* LoginView.swift in Sources */,
				9233C3F62B58FA2E003C1865 /* pantreeApp.swift in Sources */,
			);
			runOnlyForDeploymentPostprocessing = 0;
		};
/* End PBXSourcesBuildPhase section */

/* Begin XCBuildConfiguration section */
		9233C3FE2B58FA2F003C1865 /* Debug */ = {
			isa = XCBuildConfiguration;
			buildSettings = {
				ALWAYS_SEARCH_USER_PATHS = NO;
				ASSETCATALOG_COMPILER_GENERATE_SWIFT_ASSET_SYMBOL_EXTENSIONS = YES;
				CLANG_ANALYZER_NONNULL = YES;
				CLANG_ANALYZER_NUMBER_OBJECT_CONVERSION = YES_AGGRESSIVE;
				CLANG_CXX_LANGUAGE_STANDARD = "gnu++20";
				CLANG_ENABLE_MODULES = YES;
				CLANG_ENABLE_OBJC_ARC = YES;
				CLANG_ENABLE_OBJC_WEAK = YES;
				CLANG_WARN_BLOCK_CAPTURE_AUTORELEASING = YES;
				CLANG_WARN_BOOL_CONVERSION = YES;
				CLANG_WARN_COMMA = YES;
				CLANG_WARN_CONSTANT_CONVERSION = YES;
				CLANG_WARN_DEPRECATED_OBJC_IMPLEMENTATIONS = YES;
				CLANG_WARN_DIRECT_OBJC_ISA_USAGE = YES_ERROR;
				CLANG_WARN_DOCUMENTATION_COMMENTS = YES;
				CLANG_WARN_EMPTY_BODY = YES;
				CLANG_WARN_ENUM_CONVERSION = YES;
				CLANG_WARN_INFINITE_RECURSION = YES;
				CLANG_WARN_INT_CONVERSION = YES;
				CLANG_WARN_NON_LITERAL_NULL_CONVERSION = YES;
				CLANG_WARN_OBJC_IMPLICIT_RETAIN_SELF = YES;
				CLANG_WARN_OBJC_LITERAL_CONVERSION = YES;
				CLANG_WARN_OBJC_ROOT_CLASS = YES_ERROR;
				CLANG_WARN_QUOTED_INCLUDE_IN_FRAMEWORK_HEADER = YES;
				CLANG_WARN_RANGE_LOOP_ANALYSIS = YES;
				CLANG_WARN_STRICT_PROTOTYPES = YES;
				CLANG_WARN_SUSPICIOUS_MOVE = YES;
				CLANG_WARN_UNGUARDED_AVAILABILITY = YES_AGGRESSIVE;
				CLANG_WARN_UNREACHABLE_CODE = YES;
				CLANG_WARN__DUPLICATE_METHOD_MATCH = YES;
				COPY_PHASE_STRIP = NO;
				DEBUG_INFORMATION_FORMAT = dwarf;
				ENABLE_STRICT_OBJC_MSGSEND = YES;
				ENABLE_TESTABILITY = YES;
				ENABLE_USER_SCRIPT_SANDBOXING = YES;
				GCC_C_LANGUAGE_STANDARD = gnu17;
				GCC_DYNAMIC_NO_PIC = NO;
				GCC_NO_COMMON_BLOCKS = YES;
				GCC_OPTIMIZATION_LEVEL = 0;
				GCC_PREPROCESSOR_DEFINITIONS = (
					"DEBUG=1",
					"$(inherited)",
				);
				GCC_WARN_64_TO_32_BIT_CONVERSION = YES;
				GCC_WARN_ABOUT_RETURN_TYPE = YES_ERROR;
				GCC_WARN_UNDECLARED_SELECTOR = YES;
				GCC_WARN_UNINITIALIZED_AUTOS = YES_AGGRESSIVE;
				GCC_WARN_UNUSED_FUNCTION = YES;
				GCC_WARN_UNUSED_VARIABLE = YES;
				IPHONEOS_DEPLOYMENT_TARGET = 17.2;
				LOCALIZATION_PREFERS_STRING_CATALOGS = YES;
				MTL_ENABLE_DEBUG_INFO = INCLUDE_SOURCE;
				MTL_FAST_MATH = YES;
				ONLY_ACTIVE_ARCH = YES;
				SDKROOT = iphoneos;
				SWIFT_ACTIVE_COMPILATION_CONDITIONS = "DEBUG $(inherited)";
				SWIFT_OPTIMIZATION_LEVEL = "-Onone";
			};
			name = Debug;
		};
		9233C3FF2B58FA2F003C1865 /* Release */ = {
			isa = XCBuildConfiguration;
			buildSettings = {
				ALWAYS_SEARCH_USER_PATHS = NO;
				ASSETCATALOG_COMPILER_GENERATE_SWIFT_ASSET_SYMBOL_EXTENSIONS = YES;
				CLANG_ANALYZER_NONNULL = YES;
				CLANG_ANALYZER_NUMBER_OBJECT_CONVERSION = YES_AGGRESSIVE;
				CLANG_CXX_LANGUAGE_STANDARD = "gnu++20";
				CLANG_ENABLE_MODULES = YES;
				CLANG_ENABLE_OBJC_ARC = YES;
				CLANG_ENABLE_OBJC_WEAK = YES;
				CLANG_WARN_BLOCK_CAPTURE_AUTORELEASING = YES;
				CLANG_WARN_BOOL_CONVERSION = YES;
				CLANG_WARN_COMMA = YES;
				CLANG_WARN_CONSTANT_CONVERSION = YES;
				CLANG_WARN_DEPRECATED_OBJC_IMPLEMENTATIONS = YES;
				CLANG_WARN_DIRECT_OBJC_ISA_USAGE = YES_ERROR;
				CLANG_WARN_DOCUMENTATION_COMMENTS = YES;
				CLANG_WARN_EMPTY_BODY = YES;
				CLANG_WARN_ENUM_CONVERSION = YES;
				CLANG_WARN_INFINITE_RECURSION = YES;
				CLANG_WARN_INT_CONVERSION = YES;
				CLANG_WARN_NON_LITERAL_NULL_CONVERSION = YES;
				CLANG_WARN_OBJC_IMPLICIT_RETAIN_SELF = YES;
				CLANG_WARN_OBJC_LITERAL_CONVERSION = YES;
				CLANG_WARN_OBJC_ROOT_CLASS = YES_ERROR;
				CLANG_WARN_QUOTED_INCLUDE_IN_FRAMEWORK_HEADER = YES;
				CLANG_WARN_RANGE_LOOP_ANALYSIS = YES;
				CLANG_WARN_STRICT_PROTOTYPES = YES;
				CLANG_WARN_SUSPICIOUS_MOVE = YES;
				CLANG_WARN_UNGUARDED_AVAILABILITY = YES_AGGRESSIVE;
				CLANG_WARN_UNREACHABLE_CODE = YES;
				CLANG_WARN__DUPLICATE_METHOD_MATCH = YES;
				COPY_PHASE_STRIP = NO;
				DEBUG_INFORMATION_FORMAT = "dwarf-with-dsym";
				ENABLE_NS_ASSERTIONS = NO;
				ENABLE_STRICT_OBJC_MSGSEND = YES;
				ENABLE_USER_SCRIPT_SANDBOXING = YES;
				GCC_C_LANGUAGE_STANDARD = gnu17;
				GCC_NO_COMMON_BLOCKS = YES;
				GCC_WARN_64_TO_32_BIT_CONVERSION = YES;
				GCC_WARN_ABOUT_RETURN_TYPE = YES_ERROR;
				GCC_WARN_UNDECLARED_SELECTOR = YES;
				GCC_WARN_UNINITIALIZED_AUTOS = YES_AGGRESSIVE;
				GCC_WARN_UNUSED_FUNCTION = YES;
				GCC_WARN_UNUSED_VARIABLE = YES;
				IPHONEOS_DEPLOYMENT_TARGET = 17.2;
				LOCALIZATION_PREFERS_STRING_CATALOGS = YES;
				MTL_ENABLE_DEBUG_INFO = NO;
				MTL_FAST_MATH = YES;
				SDKROOT = iphoneos;
				SWIFT_COMPILATION_MODE = wholemodule;
				VALIDATE_PRODUCT = YES;
			};
			name = Release;
		};
		9233C4012B58FA2F003C1865 /* Debug */ = {
			isa = XCBuildConfiguration;
			buildSettings = {
				ASSETCATALOG_COMPILER_APPICON_NAME = AppIcon;
				ASSETCATALOG_COMPILER_GLOBAL_ACCENT_COLOR_NAME = AccentColor;
				CODE_SIGN_STYLE = Automatic;
				CURRENT_PROJECT_VERSION = 1;
				DEVELOPMENT_ASSET_PATHS = "\"pantree/Preview Content\"";
				ENABLE_PREVIEWS = YES;
				GENERATE_INFOPLIST_FILE = YES;
				INFOPLIST_KEY_CFBundleDisplayName = pantree;
				INFOPLIST_KEY_UIApplicationSceneManifest_Generation = YES;
				INFOPLIST_KEY_UIApplicationSupportsIndirectInputEvents = YES;
				INFOPLIST_KEY_UILaunchScreen_Generation = YES;
				INFOPLIST_KEY_UISupportedInterfaceOrientations_iPad = "UIInterfaceOrientationPortrait UIInterfaceOrientationPortraitUpsideDown UIInterfaceOrientationLandscapeLeft UIInterfaceOrientationLandscapeRight";
				INFOPLIST_KEY_UISupportedInterfaceOrientations_iPhone = "UIInterfaceOrientationPortrait UIInterfaceOrientationLandscapeLeft UIInterfaceOrientationLandscapeRight";
				LD_RUNPATH_SEARCH_PATHS = (
					"$(inherited)",
					"@executable_path/Frameworks",
				);
				MARKETING_VERSION = 1.0;
				PRODUCT_BUNDLE_IDENTIFIER = me.Wu.Anna.pantree;
				PRODUCT_NAME = "$(TARGET_NAME)";
				SWIFT_EMIT_LOC_STRINGS = YES;
				SWIFT_VERSION = 5.0;
				TARGETED_DEVICE_FAMILY = "1,2";
			};
			name = Debug;
		};
		9233C4022B58FA2F003C1865 /* Release */ = {
			isa = XCBuildConfiguration;
			buildSettings = {
				ASSETCATALOG_COMPILER_APPICON_NAME = AppIcon;
				ASSETCATALOG_COMPILER_GLOBAL_ACCENT_COLOR_NAME = AccentColor;
				CODE_SIGN_STYLE = Automatic;
				CURRENT_PROJECT_VERSION = 1;
				DEVELOPMENT_ASSET_PATHS = "\"pantree/Preview Content\"";
				ENABLE_PREVIEWS = YES;
				GENERATE_INFOPLIST_FILE = YES;
				INFOPLIST_KEY_CFBundleDisplayName = pantree;
				INFOPLIST_KEY_UIApplicationSceneManifest_Generation = YES;
				INFOPLIST_KEY_UIApplicationSupportsIndirectInputEvents = YES;
				INFOPLIST_KEY_UILaunchScreen_Generation = YES;
				INFOPLIST_KEY_UISupportedInterfaceOrientations_iPad = "UIInterfaceOrientationPortrait UIInterfaceOrientationPortraitUpsideDown UIInterfaceOrientationLandscapeLeft UIInterfaceOrientationLandscapeRight";
				INFOPLIST_KEY_UISupportedInterfaceOrientations_iPhone = "UIInterfaceOrientationPortrait UIInterfaceOrientationLandscapeLeft UIInterfaceOrientationLandscapeRight";
				LD_RUNPATH_SEARCH_PATHS = (
					"$(inherited)",
					"@executable_path/Frameworks",
				);
				MARKETING_VERSION = 1.0;
				PRODUCT_BUNDLE_IDENTIFIER = me.Wu.Anna.pantree;
				PRODUCT_NAME = "$(TARGET_NAME)";
				SWIFT_EMIT_LOC_STRINGS = YES;
				SWIFT_VERSION = 5.0;
				TARGETED_DEVICE_FAMILY = "1,2";
			};
			name = Release;
		};
/* End XCBuildConfiguration section */

/* Begin XCConfigurationList section */
		9233C3ED2B58FA2D003C1865 /* Build configuration list for PBXProject "pantree" */ = {
			isa = XCConfigurationList;
			buildConfigurations = (
				9233C3FE2B58FA2F003C1865 /* Debug */,
				9233C3FF2B58FA2F003C1865 /* Release */,
			);
			defaultConfigurationIsVisible = 0;
			defaultConfigurationName = Release;
		};
		9233C4002B58FA2F003C1865 /* Build configuration list for PBXNativeTarget "pantree" */ = {
			isa = XCConfigurationList;
			buildConfigurations = (
				9233C4012B58FA2F003C1865 /* Debug */,
				9233C4022B58FA2F003C1865 /* Release */,
			);
			defaultConfigurationIsVisible = 0;
			defaultConfigurationName = Release;
		};
/* End XCConfigurationList section */

/* Begin XCRemoteSwiftPackageReference section */
		926665652B62F81200DE4935 /* XCRemoteSwiftPackageReference "firebase-ios-sdk" */ = {
			isa = XCRemoteSwiftPackageReference;
			repositoryURL = "https://github.com/firebase/firebase-ios-sdk";
			requirement = {
				kind = upToNextMajorVersion;
				minimumVersion = 10.20.0;
			};
		};
/* End XCRemoteSwiftPackageReference section */

/* Begin XCSwiftPackageProductDependency section */
		926665662B62F81200DE4935 /* FirebaseAnalytics */ = {
			isa = XCSwiftPackageProductDependency;
			package = 926665652B62F81200DE4935 /* XCRemoteSwiftPackageReference "firebase-ios-sdk" */;
			productName = FirebaseAnalytics;
		};
		926665682B62F81200DE4935 /* FirebaseAnalyticsOnDeviceConversion */ = {
			isa = XCSwiftPackageProductDependency;
			package = 926665652B62F81200DE4935 /* XCRemoteSwiftPackageReference "firebase-ios-sdk" */;
			productName = FirebaseAnalyticsOnDeviceConversion;
		};
		9266656A2B62F81200DE4935 /* FirebaseAnalyticsSwift */ = {
			isa = XCSwiftPackageProductDependency;
			package = 926665652B62F81200DE4935 /* XCRemoteSwiftPackageReference "firebase-ios-sdk" */;
			productName = FirebaseAnalyticsSwift;
		};
		9266656C2B62F81200DE4935 /* FirebaseAnalyticsWithoutAdIdSupport */ = {
			isa = XCSwiftPackageProductDependency;
			package = 926665652B62F81200DE4935 /* XCRemoteSwiftPackageReference "firebase-ios-sdk" */;
			productName = FirebaseAnalyticsWithoutAdIdSupport;
		};
		9266656E2B62F81200DE4935 /* FirebaseAppCheck */ = {
			isa = XCSwiftPackageProductDependency;
			package = 926665652B62F81200DE4935 /* XCRemoteSwiftPackageReference "firebase-ios-sdk" */;
			productName = FirebaseAppCheck;
		};
		926665702B62F81200DE4935 /* FirebaseAppDistribution-Beta */ = {
			isa = XCSwiftPackageProductDependency;
			package = 926665652B62F81200DE4935 /* XCRemoteSwiftPackageReference "firebase-ios-sdk" */;
			productName = "FirebaseAppDistribution-Beta";
		};
		926665722B62F81200DE4935 /* FirebaseAuth */ = {
			isa = XCSwiftPackageProductDependency;
			package = 926665652B62F81200DE4935 /* XCRemoteSwiftPackageReference "firebase-ios-sdk" */;
			productName = FirebaseAuth;
		};
		926665742B62F81200DE4935 /* FirebaseAuthCombine-Community */ = {
			isa = XCSwiftPackageProductDependency;
			package = 926665652B62F81200DE4935 /* XCRemoteSwiftPackageReference "firebase-ios-sdk" */;
			productName = "FirebaseAuthCombine-Community";
		};
		926665762B62F81200DE4935 /* FirebaseCrashlytics */ = {
			isa = XCSwiftPackageProductDependency;
			package = 926665652B62F81200DE4935 /* XCRemoteSwiftPackageReference "firebase-ios-sdk" */;
			productName = FirebaseCrashlytics;
		};
		926665782B62F81200DE4935 /* FirebaseDatabase */ = {
			isa = XCSwiftPackageProductDependency;
			package = 926665652B62F81200DE4935 /* XCRemoteSwiftPackageReference "firebase-ios-sdk" */;
			productName = FirebaseDatabase;
		};
		9266657A2B62F81200DE4935 /* FirebaseDatabaseSwift */ = {
			isa = XCSwiftPackageProductDependency;
			package = 926665652B62F81200DE4935 /* XCRemoteSwiftPackageReference "firebase-ios-sdk" */;
			productName = FirebaseDatabaseSwift;
		};
		9266657C2B62F81200DE4935 /* FirebaseDynamicLinks */ = {
			isa = XCSwiftPackageProductDependency;
			package = 926665652B62F81200DE4935 /* XCRemoteSwiftPackageReference "firebase-ios-sdk" */;
			productName = FirebaseDynamicLinks;
		};
		9266657E2B62F81200DE4935 /* FirebaseFirestore */ = {
			isa = XCSwiftPackageProductDependency;
			package = 926665652B62F81200DE4935 /* XCRemoteSwiftPackageReference "firebase-ios-sdk" */;
			productName = FirebaseFirestore;
		};
		926665802B62F81200DE4935 /* FirebaseFirestoreCombine-Community */ = {
			isa = XCSwiftPackageProductDependency;
			package = 926665652B62F81200DE4935 /* XCRemoteSwiftPackageReference "firebase-ios-sdk" */;
			productName = "FirebaseFirestoreCombine-Community";
		};
		926665822B62F81200DE4935 /* FirebaseFirestoreSwift */ = {
			isa = XCSwiftPackageProductDependency;
			package = 926665652B62F81200DE4935 /* XCRemoteSwiftPackageReference "firebase-ios-sdk" */;
			productName = FirebaseFirestoreSwift;
		};
		926665842B62F81200DE4935 /* FirebaseFunctions */ = {
			isa = XCSwiftPackageProductDependency;
			package = 926665652B62F81200DE4935 /* XCRemoteSwiftPackageReference "firebase-ios-sdk" */;
			productName = FirebaseFunctions;
		};
		926665862B62F81200DE4935 /* FirebaseFunctionsCombine-Community */ = {
			isa = XCSwiftPackageProductDependency;
			package = 926665652B62F81200DE4935 /* XCRemoteSwiftPackageReference "firebase-ios-sdk" */;
			productName = "FirebaseFunctionsCombine-Community";
		};
		926665882B62F81200DE4935 /* FirebaseInAppMessaging-Beta */ = {
			isa = XCSwiftPackageProductDependency;
			package = 926665652B62F81200DE4935 /* XCRemoteSwiftPackageReference "firebase-ios-sdk" */;
			productName = "FirebaseInAppMessaging-Beta";
		};
		9266658A2B62F81200DE4935 /* FirebaseInAppMessagingSwift-Beta */ = {
			isa = XCSwiftPackageProductDependency;
			package = 926665652B62F81200DE4935 /* XCRemoteSwiftPackageReference "firebase-ios-sdk" */;
			productName = "FirebaseInAppMessagingSwift-Beta";
		};
		9266658C2B62F81200DE4935 /* FirebaseInstallations */ = {
			isa = XCSwiftPackageProductDependency;
			package = 926665652B62F81200DE4935 /* XCRemoteSwiftPackageReference "firebase-ios-sdk" */;
			productName = FirebaseInstallations;
		};
		9266658E2B62F81200DE4935 /* FirebaseMLModelDownloader */ = {
			isa = XCSwiftPackageProductDependency;
			package = 926665652B62F81200DE4935 /* XCRemoteSwiftPackageReference "firebase-ios-sdk" */;
			productName = FirebaseMLModelDownloader;
		};
		926665902B62F81200DE4935 /* FirebaseMessaging */ = {
			isa = XCSwiftPackageProductDependency;
			package = 926665652B62F81200DE4935 /* XCRemoteSwiftPackageReference "firebase-ios-sdk" */;
			productName = FirebaseMessaging;
		};
		926665922B62F81200DE4935 /* FirebasePerformance */ = {
			isa = XCSwiftPackageProductDependency;
			package = 926665652B62F81200DE4935 /* XCRemoteSwiftPackageReference "firebase-ios-sdk" */;
			productName = FirebasePerformance;
		};
		926665942B62F81200DE4935 /* FirebaseRemoteConfig */ = {
			isa = XCSwiftPackageProductDependency;
			package = 926665652B62F81200DE4935 /* XCRemoteSwiftPackageReference "firebase-ios-sdk" */;
			productName = FirebaseRemoteConfig;
		};
		926665962B62F81200DE4935 /* FirebaseRemoteConfigSwift */ = {
			isa = XCSwiftPackageProductDependency;
			package = 926665652B62F81200DE4935 /* XCRemoteSwiftPackageReference "firebase-ios-sdk" */;
			productName = FirebaseRemoteConfigSwift;
		};
		926665982B62F81200DE4935 /* FirebaseStorage */ = {
			isa = XCSwiftPackageProductDependency;
			package = 926665652B62F81200DE4935 /* XCRemoteSwiftPackageReference "firebase-ios-sdk" */;
			productName = FirebaseStorage;
		};
		9266659A2B62F81200DE4935 /* FirebaseStorageCombine-Community */ = {
			isa = XCSwiftPackageProductDependency;
			package = 926665652B62F81200DE4935 /* XCRemoteSwiftPackageReference "firebase-ios-sdk" */;
			productName = "FirebaseStorageCombine-Community";
		};
/* End XCSwiftPackageProductDependency section */
	};
	rootObject = 9233C3EA2B58FA2D003C1865 /* Project object */;
}
